
Microsoft Visual Studio Solution File, Format Version 12.00
# Visual Studio Version 17
VisualStudioVersion = 17.12.35728.132
MinimumVisualStudioVersion = 10.0.40219.1
Project("{FAE04EC0-301F-11D3-BF4B-00C04F79EFBC}") = "DevHabit.Api", "DevHabit.Api\DevHabit.Api.csproj", "{7EDE5125-F66F-4DC5-8549-E2DF5FBEF0A0}"
EndProject
Project("{2150E333-8FDC-42A3-9474-1A3956D46DE8}") = "src", "src", "{FD50388D-E604-41DD-9452-4C7B9DD62CE7}"
EndProject
Project("{2150E333-8FDC-42A3-9474-1A3956D46DE8}") = "Элементы решения", "Элементы решения", "{57D40A41-8664-4EF8-866A-8782944ACFF5}"
	ProjectSection(SolutionItems) = preProject
		.editorconfig = .editorconfig
		Directory.Build.props = Directory.Build.props
		Directory.Packages.props = Directory.Packages.props
	EndProjectSection
EndProject
Project("{E53339B2-1760-4266-BCC7-CA923CBCF16C}") = "docker-compose", "docker-compose.dcproj", "{DC277353-3896-4C4A-9FD6-D1DD59CA5786}"
EndProject
Global
	GlobalSection(SolutionConfigurationPlatforms) = preSolution
		Debug|Any CPU = Debug|Any CPU
		Release|Any CPU = Release|Any CPU
	EndGlobalSection
	GlobalSection(ProjectConfigurationPlatforms) = postSolution
		{7EDE5125-F66F-4DC5-8549-E2DF5FBEF0A0}.Debug|Any CPU.ActiveCfg = Debug|Any CPU
		{7EDE5125-F66F-4DC5-8549-E2DF5FBEF0A0}.Debug|Any CPU.Build.0 = Debug|Any CPU
		{7EDE5125-F66F-4DC5-8549-E2DF5FBEF0A0}.Release|Any CPU.ActiveCfg = Release|Any CPU
		{7EDE5125-F66F-4DC5-8549-E2DF5FBEF0A0}.Release|Any CPU.Build.0 = Release|Any CPU
		{DC277353-3896-4C4A-9FD6-D1DD59CA5786}.Debug|Any CPU.ActiveCfg = Debug|Any CPU
		{DC277353-3896-4C4A-9FD6-D1DD59CA5786}.Debug|Any CPU.Build.0 = Debug|Any CPU
		{DC277353-3896-4C4A-9FD6-D1DD59CA5786}.Release|Any CPU.ActiveCfg = Release|Any CPU
		{DC277353-3896-4C4A-9FD6-D1DD59CA5786}.Release|Any CPU.Build.0 = Release|Any CPU
	EndGlobalSection
	GlobalSection(SolutionProperties) = preSolution
		HideSolutionNode = FALSE
	EndGlobalSection
	GlobalSection(NestedProjects) = preSolution
		{7EDE5125-F66F-4DC5-8549-E2DF5FBEF0A0} = {FD50388D-E604-41DD-9452-4C7B9DD62CE7}
	EndGlobalSection
EndGlobal
